{
    "version": 3,
    "terraform_version": "0.11.14",
    "serial": 48,
    "lineage": "96330303-ce00-7d23-87f0-7d43b3515267",
    "modules": [
        {
            "path": [
                "root"
            ],
            "outputs": {
                "AMI": {
                    "sensitive": false,
                    "type": "string",
                    "value": "ami-0151b45908571e14c"
                }
            },
            "resources": {
                "aws_alb.alb": {
                    "type": "aws_alb",
                    "depends_on": [
                        "aws_security_group.ecs_cluster",
                        "aws_subnet.public",
                        "aws_subnet.public-2"
                    ],
                    "primary": {
                        "id": "arn:aws:elasticloadbalancing:us-east-2:808588501701:loadbalancer/app/itea-devops-balancer/0f26f3bde13bda36",
                        "attributes": {
                            "access_logs.#": "1",
                            "access_logs.0.bucket": "",
                            "access_logs.0.enabled": "false",
                            "access_logs.0.prefix": "",
                            "arn": "arn:aws:elasticloadbalancing:us-east-2:808588501701:loadbalancer/app/itea-devops-balancer/0f26f3bde13bda36",
                            "arn_suffix": "app/itea-devops-balancer/0f26f3bde13bda36",
                            "dns_name": "itea-devops-balancer-1956838109.us-east-2.elb.amazonaws.com",
                            "enable_deletion_protection": "false",
                            "enable_http2": "true",
                            "id": "arn:aws:elasticloadbalancing:us-east-2:808588501701:loadbalancer/app/itea-devops-balancer/0f26f3bde13bda36",
                            "idle_timeout": "60",
                            "internal": "false",
                            "ip_address_type": "ipv4",
                            "load_balancer_type": "application",
                            "name": "itea-devops-balancer",
                            "security_groups.#": "1",
                            "security_groups.3220831221": "sg-0236691e747bea9bb",
                            "subnet_mapping.#": "2",
                            "subnet_mapping.1177327836.allocation_id": "",
                            "subnet_mapping.1177327836.subnet_id": "subnet-0f4cc353be2b30498",
                            "subnet_mapping.611929023.allocation_id": "",
                            "subnet_mapping.611929023.subnet_id": "subnet-0e75d0f0d679c3f15",
                            "subnets.#": "2",
                            "subnets.1246549412": "subnet-0f4cc353be2b30498",
                            "subnets.3263326712": "subnet-0e75d0f0d679c3f15",
                            "tags.%": "0",
                            "vpc_id": "vpc-0a566d103a47cf0cc",
                            "zone_id": "Z3AADJGX6KTTL2"
                        },
                        "meta": {
                            "e2bfb730-ecaa-11e6-8f88-34363bc7c4c0": {
                                "create": 600000000000,
                                "delete": 600000000000,
                                "update": 600000000000
                            }
                        },
                        "tainted": false
                    },
                    "deposed": [],
                    "provider": "provider.aws"
                },
                "aws_alb_listener.front_end": {
                    "type": "aws_alb_listener",
                    "depends_on": [
                        "aws_alb.alb",
                        "aws_alb_target_group.andrey"
                    ],
                    "primary": {
                        "id": "arn:aws:elasticloadbalancing:us-east-2:808588501701:listener/app/itea-devops-balancer/0f26f3bde13bda36/a8cb7f75901478f3",
                        "attributes": {
                            "arn": "arn:aws:elasticloadbalancing:us-east-2:808588501701:listener/app/itea-devops-balancer/0f26f3bde13bda36/a8cb7f75901478f3",
                            "default_action.#": "1",
                            "default_action.0.authenticate_cognito.#": "0",
                            "default_action.0.authenticate_oidc.#": "0",
                            "default_action.0.fixed_response.#": "0",
                            "default_action.0.order": "1",
                            "default_action.0.redirect.#": "0",
                            "default_action.0.target_group_arn": "arn:aws:elasticloadbalancing:us-east-2:808588501701:targetgroup/tf-example-ecs-ghost/c7890773abb5eb97",
                            "default_action.0.type": "forward",
                            "id": "arn:aws:elasticloadbalancing:us-east-2:808588501701:listener/app/itea-devops-balancer/0f26f3bde13bda36/a8cb7f75901478f3",
                            "load_balancer_arn": "arn:aws:elasticloadbalancing:us-east-2:808588501701:loadbalancer/app/itea-devops-balancer/0f26f3bde13bda36",
                            "port": "80",
                            "protocol": "HTTP",
                            "ssl_policy": ""
                        },
                        "meta": {
                            "e2bfb730-ecaa-11e6-8f88-34363bc7c4c0": {
                                "read": 600000000000
                            }
                        },
                        "tainted": false
                    },
                    "deposed": [],
                    "provider": "provider.aws"
                },
                "aws_alb_listener.http": {
                    "type": "aws_alb_listener",
                    "depends_on": [
                        "aws_alb.alb"
                    ],
                    "primary": {
                        "id": "arn:aws:elasticloadbalancing:us-east-2:808588501701:listener/app/itea-devops-balancer/0f26f3bde13bda36/14609b111ddba93c",
                        "attributes": {
                            "arn": "arn:aws:elasticloadbalancing:us-east-2:808588501701:listener/app/itea-devops-balancer/0f26f3bde13bda36/14609b111ddba93c",
                            "default_action.#": "1",
                            "default_action.0.authenticate_cognito.#": "0",
                            "default_action.0.authenticate_oidc.#": "0",
                            "default_action.0.fixed_response.#": "1",
                            "default_action.0.fixed_response.0.content_type": "text/plain",
                            "default_action.0.fixed_response.0.message_body": "HEALTHY",
                            "default_action.0.fixed_response.0.status_code": "200",
                            "default_action.0.order": "1",
                            "default_action.0.redirect.#": "0",
                            "default_action.0.target_group_arn": "",
                            "default_action.0.type": "fixed-response",
                            "id": "arn:aws:elasticloadbalancing:us-east-2:808588501701:listener/app/itea-devops-balancer/0f26f3bde13bda36/14609b111ddba93c",
                            "load_balancer_arn": "arn:aws:elasticloadbalancing:us-east-2:808588501701:loadbalancer/app/itea-devops-balancer/0f26f3bde13bda36",
                            "port": "8081",
                            "protocol": "HTTP",
                            "ssl_policy": ""
                        },
                        "meta": {
                            "e2bfb730-ecaa-11e6-8f88-34363bc7c4c0": {
                                "read": 600000000000
                            }
                        },
                        "tainted": false
                    },
                    "deposed": [],
                    "provider": "provider.aws"
                },
                "aws_alb_target_group.andrey": {
                    "type": "aws_alb_target_group",
                    "depends_on": [
                        "aws_vpc.main"
                    ],
                    "primary": {
                        "id": "arn:aws:elasticloadbalancing:us-east-2:808588501701:targetgroup/tf-example-ecs-ghost/c7890773abb5eb97",
                        "attributes": {
                            "arn": "arn:aws:elasticloadbalancing:us-east-2:808588501701:targetgroup/tf-example-ecs-ghost/c7890773abb5eb97",
                            "arn_suffix": "targetgroup/tf-example-ecs-ghost/c7890773abb5eb97",
                            "deregistration_delay": "300",
                            "health_check.#": "1",
                            "health_check.0.enabled": "true",
                            "health_check.0.healthy_threshold": "5",
                            "health_check.0.interval": "30",
                            "health_check.0.matcher": "200",
                            "health_check.0.path": "/",
                            "health_check.0.port": "traffic-port",
                            "health_check.0.protocol": "HTTP",
                            "health_check.0.timeout": "5",
                            "health_check.0.unhealthy_threshold": "2",
                            "id": "arn:aws:elasticloadbalancing:us-east-2:808588501701:targetgroup/tf-example-ecs-ghost/c7890773abb5eb97",
                            "lambda_multi_value_headers_enabled": "false",
                            "name": "tf-example-ecs-ghost",
                            "port": "80",
                            "protocol": "HTTP",
                            "proxy_protocol_v2": "false",
                            "slow_start": "0",
                            "stickiness.#": "1",
                            "stickiness.0.cookie_duration": "86400",
                            "stickiness.0.enabled": "false",
                            "stickiness.0.type": "lb_cookie",
                            "tags.%": "0",
                            "target_type": "instance",
                            "vpc_id": "vpc-0a566d103a47cf0cc"
                        },
                        "meta": {},
                        "tainted": false
                    },
                    "deposed": [],
                    "provider": "provider.aws"
                },
                "aws_autoscaling_group.cluster": {
                    "type": "aws_autoscaling_group",
                    "depends_on": [
                        "aws_launch_configuration.cluster",
                        "aws_subnet.public",
                        "aws_subnet.public-2"
                    ],
                    "primary": {
                        "id": "tf-asg-20190730123619538200000001",
                        "attributes": {
                            "arn": "arn:aws:autoscaling:us-east-2:808588501701:autoScalingGroup:098e8a3f-33a7-45eb-8a41-6415f9107ebc:autoScalingGroupName/tf-asg-20190730123619538200000001",
                            "availability_zones.#": "2",
                            "availability_zones.1726430690": "us-east-2b",
                            "availability_zones.4293815384": "us-east-2a",
                            "default_cooldown": "300",
                            "desired_capacity": "2",
                            "enabled_metrics.#": "0",
                            "force_delete": "false",
                            "health_check_grace_period": "300",
                            "health_check_type": "EC2",
                            "id": "tf-asg-20190730123619538200000001",
                            "launch_configuration": "terraform-20190730123502722000000002",
                            "launch_template.#": "0",
                            "load_balancers.#": "0",
                            "max_size": "2",
                            "metrics_granularity": "1Minute",
                            "min_size": "2",
                            "mixed_instances_policy.#": "0",
                            "name": "tf-asg-20190730123619538200000001",
                            "placement_group": "",
                            "protect_from_scale_in": "false",
                            "service_linked_role_arn": "arn:aws:iam::808588501701:role/aws-service-role/autoscaling.amazonaws.com/AWSServiceRoleForAutoScaling",
                            "suspended_processes.#": "0",
                            "tag.#": "0",
                            "target_group_arns.#": "0",
                            "termination_policies.#": "0",
                            "vpc_zone_identifier.#": "2",
                            "vpc_zone_identifier.1246549412": "subnet-0f4cc353be2b30498",
                            "vpc_zone_identifier.3263326712": "subnet-0e75d0f0d679c3f15",
                            "wait_for_capacity_timeout": "10m"
                        },
                        "meta": {
                            "e2bfb730-ecaa-11e6-8f88-34363bc7c4c0": {
                                "delete": 600000000000
                            }
                        },
                        "tainted": false
                    },
                    "deposed": [],
                    "provider": "provider.aws"
                },
                "aws_ecs_cluster.andrey": {
                    "type": "aws_ecs_cluster",
                    "depends_on": [],
                    "primary": {
                        "id": "arn:aws:ecs:us-east-2:808588501701:cluster/andrey",
                        "attributes": {
                            "arn": "arn:aws:ecs:us-east-2:808588501701:cluster/andrey",
                            "id": "arn:aws:ecs:us-east-2:808588501701:cluster/andrey",
                            "name": "andrey",
                            "tags.%": "0"
                        },
                        "meta": {},
                        "tainted": false
                    },
                    "deposed": [],
                    "provider": "provider.aws"
                },
                "aws_ecs_service.nginx": {
                    "type": "aws_ecs_service",
                    "depends_on": [
                        "aws_alb_target_group.andrey",
                        "aws_ecs_cluster.andrey",
                        "aws_ecs_task_definition.service"
                    ],
                    "primary": {
                        "id": "arn:aws:ecs:us-east-2:808588501701:service/nginx",
                        "attributes": {
                            "cluster": "arn:aws:ecs:us-east-2:808588501701:cluster/andrey",
                            "deployment_controller.#": "1",
                            "deployment_controller.0.type": "ECS",
                            "deployment_maximum_percent": "200",
                            "deployment_minimum_healthy_percent": "100",
                            "desired_count": "2",
                            "enable_ecs_managed_tags": "false",
                            "health_check_grace_period_seconds": "0",
                            "iam_role": "aws-service-role",
                            "id": "arn:aws:ecs:us-east-2:808588501701:service/nginx",
                            "launch_type": "EC2",
                            "load_balancer.#": "1",
                            "load_balancer.3937479707.container_name": "nginx",
                            "load_balancer.3937479707.container_port": "80",
                            "load_balancer.3937479707.elb_name": "",
                            "load_balancer.3937479707.target_group_arn": "arn:aws:elasticloadbalancing:us-east-2:808588501701:targetgroup/tf-example-ecs-ghost/c7890773abb5eb97",
                            "name": "nginx",
                            "network_configuration.#": "0",
                            "ordered_placement_strategy.#": "0",
                            "placement_constraints.#": "0",
                            "placement_strategy.#": "0",
                            "platform_version": "",
                            "propagate_tags": "NONE",
                            "scheduling_strategy": "REPLICA",
                            "service_registries.#": "0",
                            "tags.%": "0",
                            "task_definition": "service:2"
                        },
                        "meta": {},
                        "tainted": false
                    },
                    "deposed": [],
                    "provider": "provider.aws"
                },
                "aws_ecs_task_definition.service": {
                    "type": "aws_ecs_task_definition",
                    "depends_on": [],
                    "primary": {
                        "id": "service",
                        "attributes": {
                            "arn": "arn:aws:ecs:us-east-2:808588501701:task-definition/service:2",
                            "container_definitions": "[{\"cpu\":10,\"environment\":[],\"essential\":true,\"image\":\"nginxdemos/hello\",\"memory\":512,\"mountPoints\":[],\"name\":\"nginx\",\"portMappings\":[{\"containerPort\":80,\"hostPort\":80,\"protocol\":\"tcp\"}],\"volumesFrom\":[]}]",
                            "cpu": "",
                            "execution_role_arn": "",
                            "family": "service",
                            "id": "service",
                            "memory": "",
                            "network_mode": "",
                            "placement_constraints.#": "0",
                            "proxy_configuration.#": "0",
                            "requires_compatibilities.#": "0",
                            "revision": "2",
                            "tags.%": "0",
                            "task_role_arn": "",
                            "volume.#": "0"
                        },
                        "meta": {
                            "schema_version": "1"
                        },
                        "tainted": false
                    },
                    "deposed": [],
                    "provider": "provider.aws"
                },
                "aws_iam_instance_profile.ecs_agent": {
                    "type": "aws_iam_instance_profile",
                    "depends_on": [
                        "aws_iam_role.ecs_agent"
                    ],
                    "primary": {
                        "id": "ecs-agent",
                        "attributes": {
                            "arn": "arn:aws:iam::808588501701:instance-profile/ecs-agent",
                            "create_date": "2019-07-30T12:34:48Z",
                            "id": "ecs-agent",
                            "name": "ecs-agent",
                            "path": "/",
                            "role": "ecs-agent",
                            "roles.#": "1",
                            "roles.679657667": "ecs-agent",
                            "unique_id": "AIPA3YQ5BMLCSTFCKNNDF"
                        },
                        "meta": {},
                        "tainted": false
                    },
                    "deposed": [],
                    "provider": "provider.aws"
                },
                "aws_iam_role.ecs_agent": {
                    "type": "aws_iam_role",
                    "depends_on": [
                        "data.aws_iam_policy_document.ecs_agent"
                    ],
                    "primary": {
                        "id": "ecs-agent",
                        "attributes": {
                            "arn": "arn:aws:iam::808588501701:role/ecs-agent",
                            "assume_role_policy": "{\"Version\":\"2012-10-17\",\"Statement\":[{\"Sid\":\"\",\"Effect\":\"Allow\",\"Principal\":{\"Service\":\"ec2.amazonaws.com\"},\"Action\":\"sts:AssumeRole\"}]}",
                            "create_date": "2019-07-30T12:34:47Z",
                            "description": "",
                            "force_detach_policies": "false",
                            "id": "ecs-agent",
                            "max_session_duration": "3600",
                            "name": "ecs-agent",
                            "path": "/",
                            "tags.%": "0",
                            "unique_id": "AROA3YQ5BMLCU24W2VGF6"
                        },
                        "meta": {},
                        "tainted": false
                    },
                    "deposed": [],
                    "provider": "provider.aws"
                },
                "aws_iam_role_policy_attachment.ecs_agent": {
                    "type": "aws_iam_role_policy_attachment",
                    "depends_on": [
                        "aws_iam_role.ecs_agent"
                    ],
                    "primary": {
                        "id": "ecs-agent-20190730123448675000000001",
                        "attributes": {
                            "id": "ecs-agent-20190730123448675000000001",
                            "policy_arn": "arn:aws:iam::aws:policy/service-role/AmazonEC2ContainerServiceforEC2Role",
                            "role": "ecs-agent"
                        },
                        "meta": {},
                        "tainted": false
                    },
                    "deposed": [],
                    "provider": "provider.aws"
                },
                "aws_internet_gateway.gw": {
                    "type": "aws_internet_gateway",
                    "depends_on": [
                        "aws_vpc.main"
                    ],
                    "primary": {
                        "id": "igw-0c6608693685fa04b",
                        "attributes": {
                            "id": "igw-0c6608693685fa04b",
                            "owner_id": "808588501701",
                            "tags.%": "1",
                            "tags.Name": "InternetGateway",
                            "vpc_id": "vpc-0a566d103a47cf0cc"
                        },
                        "meta": {},
                        "tainted": false
                    },
                    "deposed": [],
                    "provider": "provider.aws"
                },
                "aws_key_pair.deployer": {
                    "type": "aws_key_pair",
                    "depends_on": [],
                    "primary": {
                        "id": "itea-test-key",
                        "attributes": {
                            "fingerprint": "50:3e:27:fa:5f:55:2b:9c:e8:89:b7:85:bc:13:57:75",
                            "id": "itea-test-key",
                            "key_name": "itea-test-key",
                            "public_key": "ssh-rsa AAAAB3NzaC1yc2EAAAADAQABAAABAQDTaFe6vJmi2PYvotXJ6WLLXNxWJekWyViVhEVxp+FOWpR2+AalhL7PrqJDGNlss16F0RtRmgDHJPhkUwJ59kuuiupWBKHwVhzvkMC8VCXjB2IeKS7wPVSHa9JQR8+bW8Vcx22oxaRerqek4DFE0eQ9yBn3t3r3Ix6VaWxM3ddwwWARn4butcZ3TjVi4lvIDxcE6Uoq5r89DYJvM9p2eEFbFTswo/niOSM9ok9RuWvKOrXW2BEmLKFDFOVTKshm5y/eStGs1i5DU342wF/2oyQOlZVoqtkiMa+gdhM5uO9nBe6UHBQIv0cJbO6pyqdPxCtbdnhdlUQRY0YI8YuncO95 andreypetko@Andreys-MacBook-Pro.local"
                        },
                        "meta": {
                            "schema_version": "1"
                        },
                        "tainted": false
                    },
                    "deposed": [],
                    "provider": "provider.aws"
                },
                "aws_launch_configuration.cluster": {
                    "type": "aws_launch_configuration",
                    "depends_on": [
                        "aws_iam_instance_profile.ecs_agent",
                        "aws_key_pair.deployer",
                        "aws_security_group.ecs_cluster",
                        "data.template_file.user_data"
                    ],
                    "primary": {
                        "id": "terraform-20190730123502722000000002",
                        "attributes": {
                            "associate_public_ip_address": "true",
                            "ebs_block_device.#": "0",
                            "ebs_optimized": "false",
                            "enable_monitoring": "true",
                            "ephemeral_block_device.#": "0",
                            "iam_instance_profile": "ecs-agent",
                            "id": "terraform-20190730123502722000000002",
                            "image_id": "ami-0dca97e7cde7be3d5",
                            "instance_type": "t2.micro",
                            "key_name": "itea-test-key",
                            "name": "terraform-20190730123502722000000002",
                            "root_block_device.#": "0",
                            "security_groups.#": "1",
                            "security_groups.3220831221": "sg-0236691e747bea9bb",
                            "spot_price": "",
                            "user_data": "09a0212df34481790d2f8e07ef1712e1a18ff143",
                            "vpc_classic_link_id": "",
                            "vpc_classic_link_security_groups.#": "0"
                        },
                        "meta": {},
                        "tainted": false
                    },
                    "deposed": [],
                    "provider": "provider.aws"
                },
                "aws_route.internet_access": {
                    "type": "aws_route",
                    "depends_on": [
                        "aws_internet_gateway.gw",
                        "aws_vpc.main"
                    ],
                    "primary": {
                        "id": "r-rtb-0b5f47cd579a686381080289494",
                        "attributes": {
                            "destination_cidr_block": "0.0.0.0/0",
                            "destination_prefix_list_id": "",
                            "egress_only_gateway_id": "",
                            "gateway_id": "igw-0c6608693685fa04b",
                            "id": "r-rtb-0b5f47cd579a686381080289494",
                            "instance_id": "",
                            "instance_owner_id": "",
                            "nat_gateway_id": "",
                            "network_interface_id": "",
                            "origin": "CreateRoute",
                            "route_table_id": "rtb-0b5f47cd579a68638",
                            "state": "active",
                            "transit_gateway_id": "",
                            "vpc_peering_connection_id": ""
                        },
                        "meta": {
                            "e2bfb730-ecaa-11e6-8f88-34363bc7c4c0": {
                                "create": 120000000000,
                                "delete": 300000000000
                            }
                        },
                        "tainted": false
                    },
                    "deposed": [],
                    "provider": "provider.aws"
                },
                "aws_security_group.ecs_cluster": {
                    "type": "aws_security_group",
                    "depends_on": [
                        "aws_vpc.main"
                    ],
                    "primary": {
                        "id": "sg-0236691e747bea9bb",
                        "attributes": {
                            "arn": "arn:aws:ec2:us-east-2:808588501701:security-group/sg-0236691e747bea9bb",
                            "description": "Managed by Terraform",
                            "egress.#": "1",
                            "egress.482069346.cidr_blocks.#": "1",
                            "egress.482069346.cidr_blocks.0": "0.0.0.0/0",
                            "egress.482069346.description": "",
                            "egress.482069346.from_port": "0",
                            "egress.482069346.ipv6_cidr_blocks.#": "0",
                            "egress.482069346.prefix_list_ids.#": "0",
                            "egress.482069346.protocol": "-1",
                            "egress.482069346.security_groups.#": "0",
                            "egress.482069346.self": "false",
                            "egress.482069346.to_port": "0",
                            "id": "sg-0236691e747bea9bb",
                            "ingress.#": "3",
                            "ingress.2214680975.cidr_blocks.#": "1",
                            "ingress.2214680975.cidr_blocks.0": "0.0.0.0/0",
                            "ingress.2214680975.description": "",
                            "ingress.2214680975.from_port": "80",
                            "ingress.2214680975.ipv6_cidr_blocks.#": "0",
                            "ingress.2214680975.prefix_list_ids.#": "0",
                            "ingress.2214680975.protocol": "TCP",
                            "ingress.2214680975.security_groups.#": "0",
                            "ingress.2214680975.self": "false",
                            "ingress.2214680975.to_port": "80",
                            "ingress.2541437006.cidr_blocks.#": "1",
                            "ingress.2541437006.cidr_blocks.0": "0.0.0.0/0",
                            "ingress.2541437006.description": "",
                            "ingress.2541437006.from_port": "22",
                            "ingress.2541437006.ipv6_cidr_blocks.#": "0",
                            "ingress.2541437006.prefix_list_ids.#": "0",
                            "ingress.2541437006.protocol": "TCP",
                            "ingress.2541437006.security_groups.#": "0",
                            "ingress.2541437006.self": "false",
                            "ingress.2541437006.to_port": "22",
                            "ingress.2617001939.cidr_blocks.#": "1",
                            "ingress.2617001939.cidr_blocks.0": "0.0.0.0/0",
                            "ingress.2617001939.description": "",
                            "ingress.2617001939.from_port": "443",
                            "ingress.2617001939.ipv6_cidr_blocks.#": "0",
                            "ingress.2617001939.prefix_list_ids.#": "0",
                            "ingress.2617001939.protocol": "TCP",
                            "ingress.2617001939.security_groups.#": "0",
                            "ingress.2617001939.self": "false",
                            "ingress.2617001939.to_port": "443",
                            "name": "ecs",
                            "owner_id": "808588501701",
                            "revoke_rules_on_delete": "false",
                            "tags.%": "0",
                            "vpc_id": "vpc-0a566d103a47cf0cc"
                        },
                        "meta": {
                            "e2bfb730-ecaa-11e6-8f88-34363bc7c4c0": {
                                "create": 600000000000,
                                "delete": 600000000000
                            },
                            "schema_version": "1"
                        },
                        "tainted": false
                    },
                    "deposed": [],
                    "provider": "provider.aws"
                },
                "aws_subnet.public": {
                    "type": "aws_subnet",
                    "depends_on": [
                        "aws_vpc.main"
                    ],
                    "primary": {
                        "id": "subnet-0e75d0f0d679c3f15",
                        "attributes": {
                            "arn": "arn:aws:ec2:us-east-2:808588501701:subnet/subnet-0e75d0f0d679c3f15",
                            "assign_ipv6_address_on_creation": "false",
                            "availability_zone": "us-east-2a",
                            "availability_zone_id": "use2-az1",
                            "cidr_block": "10.1.0.0/24",
                            "id": "subnet-0e75d0f0d679c3f15",
                            "ipv6_cidr_block": "",
                            "ipv6_cidr_block_association_id": "",
                            "map_public_ip_on_launch": "false",
                            "owner_id": "808588501701",
                            "tags.%": "1",
                            "tags.Name": "andrey-public",
                            "vpc_id": "vpc-0a566d103a47cf0cc"
                        },
                        "meta": {
                            "e2bfb730-ecaa-11e6-8f88-34363bc7c4c0": {
                                "create": 600000000000,
                                "delete": 1200000000000
                            },
                            "schema_version": "1"
                        },
                        "tainted": false
                    },
                    "deposed": [],
                    "provider": "provider.aws"
                },
                "aws_subnet.public-2": {
                    "type": "aws_subnet",
                    "depends_on": [
                        "aws_vpc.main"
                    ],
                    "primary": {
                        "id": "subnet-0f4cc353be2b30498",
                        "attributes": {
                            "arn": "arn:aws:ec2:us-east-2:808588501701:subnet/subnet-0f4cc353be2b30498",
                            "assign_ipv6_address_on_creation": "false",
                            "availability_zone": "us-east-2b",
                            "availability_zone_id": "use2-az2",
                            "cidr_block": "10.1.1.0/24",
                            "id": "subnet-0f4cc353be2b30498",
                            "ipv6_cidr_block": "",
                            "ipv6_cidr_block_association_id": "",
                            "map_public_ip_on_launch": "false",
                            "owner_id": "808588501701",
                            "tags.%": "1",
                            "tags.Name": "andrey-public-2",
                            "vpc_id": "vpc-0a566d103a47cf0cc"
                        },
                        "meta": {
                            "e2bfb730-ecaa-11e6-8f88-34363bc7c4c0": {
                                "create": 600000000000,
                                "delete": 1200000000000
                            },
                            "schema_version": "1"
                        },
                        "tainted": false
                    },
                    "deposed": [],
                    "provider": "provider.aws"
                },
                "aws_vpc.main": {
                    "type": "aws_vpc",
                    "depends_on": [],
                    "primary": {
                        "id": "vpc-0a566d103a47cf0cc",
                        "attributes": {
                            "arn": "arn:aws:ec2:us-east-2:808588501701:vpc/vpc-0a566d103a47cf0cc",
                            "assign_generated_ipv6_cidr_block": "false",
                            "cidr_block": "10.1.0.0/16",
                            "default_network_acl_id": "acl-087584ee8cf703613",
                            "default_route_table_id": "rtb-0b5f47cd579a68638",
                            "default_security_group_id": "sg-03a969d3b47cd2f1c",
                            "dhcp_options_id": "dopt-a254acc9",
                            "enable_dns_hostnames": "true",
                            "enable_dns_support": "true",
                            "id": "vpc-0a566d103a47cf0cc",
                            "instance_tenancy": "default",
                            "ipv6_association_id": "",
                            "ipv6_cidr_block": "",
                            "main_route_table_id": "rtb-0b5f47cd579a68638",
                            "owner_id": "808588501701",
                            "tags.%": "1",
                            "tags.Name": "andrey-vpc"
                        },
                        "meta": {
                            "schema_version": "1"
                        },
                        "tainted": false
                    },
                    "deposed": [],
                    "provider": "provider.aws"
                },
                "data.aws_ami.latest_ecs": {
                    "type": "aws_ami",
                    "depends_on": [],
                    "primary": {
                        "id": "ami-0151b45908571e14c",
                        "attributes": {
                            "architecture": "x86_64",
                            "block_device_mappings.#": "2",
                            "block_device_mappings.2538004115.device_name": "/dev/xvdcz",
                            "block_device_mappings.2538004115.ebs.%": "6",
                            "block_device_mappings.2538004115.ebs.delete_on_termination": "true",
                            "block_device_mappings.2538004115.ebs.encrypted": "false",
                            "block_device_mappings.2538004115.ebs.iops": "0",
                            "block_device_mappings.2538004115.ebs.snapshot_id": "",
                            "block_device_mappings.2538004115.ebs.volume_size": "22",
                            "block_device_mappings.2538004115.ebs.volume_type": "gp2",
                            "block_device_mappings.2538004115.no_device": "",
                            "block_device_mappings.2538004115.virtual_name": "",
                            "block_device_mappings.340275815.device_name": "/dev/xvda",
                            "block_device_mappings.340275815.ebs.%": "6",
                            "block_device_mappings.340275815.ebs.delete_on_termination": "true",
                            "block_device_mappings.340275815.ebs.encrypted": "false",
                            "block_device_mappings.340275815.ebs.iops": "0",
                            "block_device_mappings.340275815.ebs.snapshot_id": "snap-0d281179393a502c4",
                            "block_device_mappings.340275815.ebs.volume_size": "8",
                            "block_device_mappings.340275815.ebs.volume_type": "gp2",
                            "block_device_mappings.340275815.no_device": "",
                            "block_device_mappings.340275815.virtual_name": "",
                            "creation_date": "2019-07-10T05:48:14.000Z",
                            "description": "Amazon Linux AMI 2018.03.v x86_64 ECS HVM GP2",
                            "filter.#": "2",
                            "filter.1206429088.name": "name",
                            "filter.1206429088.values.#": "1",
                            "filter.1206429088.values.0": "*amazon-ecs-optimized",
                            "filter.490168357.name": "virtualization-type",
                            "filter.490168357.values.#": "1",
                            "filter.490168357.values.0": "hvm",
                            "hypervisor": "xen",
                            "id": "ami-0151b45908571e14c",
                            "image_id": "ami-0151b45908571e14c",
                            "image_location": "amazon/amzn-ami-2018.03.v-amazon-ecs-optimized",
                            "image_owner_alias": "amazon",
                            "image_type": "machine",
                            "most_recent": "true",
                            "name": "amzn-ami-2018.03.v-amazon-ecs-optimized",
                            "owner_id": "591542846629",
                            "owners.#": "1",
                            "owners.0": "591542846629",
                            "product_codes.#": "0",
                            "public": "true",
                            "root_device_name": "/dev/xvda",
                            "root_device_type": "ebs",
                            "root_snapshot_id": "snap-0d281179393a502c4",
                            "sriov_net_support": "simple",
                            "state": "available",
                            "state_reason.%": "2",
                            "state_reason.code": "UNSET",
                            "state_reason.message": "UNSET",
                            "tags.%": "0",
                            "virtualization_type": "hvm"
                        },
                        "meta": {},
                        "tainted": false
                    },
                    "deposed": [],
                    "provider": "provider.aws"
                },
                "data.aws_iam_policy_document.ecs_agent": {
                    "type": "aws_iam_policy_document",
                    "depends_on": [],
                    "primary": {
                        "id": "1903849331",
                        "attributes": {
                            "id": "1903849331",
                            "json": "{\n  \"Version\": \"2012-10-17\",\n  \"Statement\": [\n    {\n      \"Sid\": \"\",\n      \"Effect\": \"Allow\",\n      \"Action\": \"sts:AssumeRole\",\n      \"Principal\": {\n        \"Service\": \"ec2.amazonaws.com\"\n      }\n    }\n  ]\n}",
                            "statement.#": "1",
                            "statement.0.actions.#": "1",
                            "statement.0.actions.2528466339": "sts:AssumeRole",
                            "statement.0.condition.#": "0",
                            "statement.0.effect": "Allow",
                            "statement.0.not_actions.#": "0",
                            "statement.0.not_principals.#": "0",
                            "statement.0.not_resources.#": "0",
                            "statement.0.principals.#": "1",
                            "statement.0.principals.1134724139.identifiers.#": "1",
                            "statement.0.principals.1134724139.identifiers.3655884555": "ec2.amazonaws.com",
                            "statement.0.principals.1134724139.type": "Service",
                            "statement.0.resources.#": "0",
                            "statement.0.sid": "",
                            "version": "2012-10-17"
                        },
                        "meta": {},
                        "tainted": false
                    },
                    "deposed": [],
                    "provider": "provider.aws"
                },
                "data.template_file.user_data": {
                    "type": "template_file",
                    "depends_on": [],
                    "primary": {
                        "id": "0957855605eeeae17048d60a45ea66fb762fbf398876495c2e89ff15c7a82274",
                        "attributes": {
                            "id": "0957855605eeeae17048d60a45ea66fb762fbf398876495c2e89ff15c7a82274",
                            "rendered": "#!/bin/bash\necho \"ECS_CLUSTER=andrey\" \u003e /etc/ecs/ecs.config\n",
                            "template": "#!/bin/bash\necho \"ECS_CLUSTER=${ecs_cluster}\" \u003e /etc/ecs/ecs.config\n",
                            "vars.%": "1",
                            "vars.ecs_cluster": "andrey"
                        },
                        "meta": {},
                        "tainted": false
                    },
                    "deposed": [],
                    "provider": "provider.template"
                }
            },
            "depends_on": []
        }
    ]
}
